[[package]]
category = "dev"
description = "Atomic file writes."
marker = "sys_platform == \"win32\""
name = "atomicwrites"
optional = false
python-versions = ">=2.7, !=3.0.*, !=3.1.*, !=3.2.*, !=3.3.*"
version = "1.4.0"

[[package]]
category = "dev"
description = "Classes Without Boilerplate"
name = "attrs"
optional = false
python-versions = ">=2.7, !=3.0.*, !=3.1.*, !=3.2.*, !=3.3.*"
version = "19.3.0"

[package.extras]
azure-pipelines = ["coverage", "hypothesis", "pympler", "pytest (>=4.3.0)", "six", "zope.interface", "pytest-azurepipelines"]
dev = ["coverage", "hypothesis", "pympler", "pytest (>=4.3.0)", "six", "zope.interface", "sphinx", "pre-commit"]
docs = ["sphinx", "zope.interface"]
tests = ["coverage", "hypothesis", "pympler", "pytest (>=4.3.0)", "six", "zope.interface"]

[[package]]
category = "main"
description = "Simple bencode parser (for Python 2, Python 3 and PyPy)"
name = "bencode.py"
optional = false
python-versions = "*"
version = "2.1.0"

[[package]]
category = "main"
description = "Python package for providing Mozilla's CA Bundle."
name = "certifi"
optional = false
python-versions = "*"
version = "2020.4.5.1"

[[package]]
category = "main"
description = "Universal encoding detector for Python 2 and 3"
name = "chardet"
optional = false
python-versions = "*"
version = "3.0.4"

[[package]]
category = "main"
description = "Cross-platform colored terminal text."
name = "colorama"
optional = false
python-versions = ">=2.7, !=3.0.*, !=3.1.*, !=3.2.*, !=3.3.*, !=3.4.*"
version = "0.4.3"

[[package]]
category = "main"
description = "Pythonic argument parser, that will make you smile"
name = "docopt"
optional = false
python-versions = "*"
version = "0.6.2"

[[package]]
category = "main"
description = "Internationalized Domain Names in Applications (IDNA)"
name = "idna"
optional = false
python-versions = ">=2.7, !=3.0.*, !=3.1.*, !=3.2.*, !=3.3.*"
version = "2.9"

[[package]]
category = "dev"
description = "Read metadata from Python packages"
marker = "python_version < \"3.8\""
name = "importlib-metadata"
optional = false
python-versions = "!=3.0.*,!=3.1.*,!=3.2.*,!=3.3.*,!=3.4.*,>=2.7"
version = "1.6.0"

[package.dependencies]
zipp = ">=0.5"

[package.extras]
docs = ["sphinx", "rst.linker"]
testing = ["packaging", "importlib-resources"]

[[package]]
category = "dev"
description = "More routines for operating on iterables, beyond itertools"
name = "more-itertools"
optional = false
python-versions = ">=3.5"
version = "8.3.0"

[[package]]
category = "dev"
description = "Core utilities for Python packages"
name = "packaging"
optional = false
python-versions = ">=2.7, !=3.0.*, !=3.1.*, !=3.2.*, !=3.3.*"
version = "20.4"

[package.dependencies]
pyparsing = ">=2.0.2"
six = "*"

[[package]]
category = "dev"
description = "plugin and hook calling mechanisms for python"
name = "pluggy"
optional = false
python-versions = ">=2.7, !=3.0.*, !=3.1.*, !=3.2.*, !=3.3.*"
version = "0.13.1"

[package.dependencies]
[package.dependencies.importlib-metadata]
python = "<3.8"
version = ">=0.12"

[package.extras]
dev = ["pre-commit", "tox"]

[[package]]
category = "dev"
description = "library with cross-python path, ini-parsing, io, code, log facilities"
name = "py"
optional = false
python-versions = ">=2.7, !=3.0.*, !=3.1.*, !=3.2.*, !=3.3.*"
version = "1.8.1"

[[package]]
category = "main"
description = "Data validation and settings management using python 3.6 type hinting"
name = "pydantic"
optional = false
python-versions = ">=3.6"
version = "1.5.1"

[package.extras]
dotenv = ["python-dotenv (>=0.10.4)"]
email = ["email-validator (>=1.0.3)"]
typing_extensions = ["typing-extensions (>=3.7.2)"]

[[package]]
category = "dev"
description = "Python parsing module"
name = "pyparsing"
optional = false
python-versions = ">=2.6, !=3.0.*, !=3.1.*, !=3.2.*"
version = "2.4.7"

[[package]]
category = "dev"
description = "pytest: simple powerful testing with Python"
name = "pytest"
optional = false
python-versions = ">=3.5"
version = "5.4.2"

[package.dependencies]
atomicwrites = ">=1.0"
attrs = ">=17.4.0"
colorama = "*"
more-itertools = ">=4.0.0"
packaging = "*"
pluggy = ">=0.12,<1.0"
py = ">=1.5.0"
wcwidth = "*"

[package.dependencies.importlib-metadata]
python = "<3.8"
version = ">=0.12"

[package.extras]
checkqa-mypy = ["mypy (v0.761)"]
testing = ["argcomplete", "hypothesis (>=3.56)", "mock", "nose", "requests", "xmlschema"]

[[package]]
category = "main"
description = "Python HTTP for Humans."
name = "requests"
optional = false
python-versions = ">=2.7, !=3.0.*, !=3.1.*, !=3.2.*, !=3.3.*, !=3.4.*"
version = "2.23.0"

[package.dependencies]
certifi = ">=2017.4.17"
chardet = ">=3.0.2,<4"
idna = ">=2.5,<3"
urllib3 = ">=1.21.1,<1.25.0 || >1.25.0,<1.25.1 || >1.25.1,<1.26"

[package.extras]
security = ["pyOpenSSL (>=0.14)", "cryptography (>=1.3.4)"]
socks = ["PySocks (>=1.5.6,<1.5.7 || >1.5.7)", "win-inet-pton"]

[[package]]
category = "dev"
description = "Python 2 and 3 compatibility utilities"
name = "six"
optional = false
python-versions = ">=2.7, !=3.0.*, !=3.1.*, !=3.2.*"
version = "1.14.0"

[[package]]
category = "main"
description = "module for creating simple ASCII tables"
name = "texttable"
optional = false
python-versions = "*"
version = "1.6.2"

[[package]]
category = "main"
description = "The tool to work with torrent files."
name = "torrentool"
optional = false
python-versions = "*"
version = "1.0.2"

[[package]]
category = "main"
description = "An RPC client library for the Transmission BitTorrent client"
name = "transmission-clutch"
optional = false
python-versions = ">=3.7,<4.0"
version = "3.1.3"

[package.dependencies]
pydantic = ">=1.4,<2.0"
requests = ">=2.22.0,<3.0.0"

[package.dependencies.typing-extensions]
python = ">=3.7,<3.8"
version = ">=3.7.4,<4.0.0"

[[package]]
category = "main"
description = "Backported and Experimental Type Hints for Python 3.5+"
marker = "python_version == \"3.7\""
name = "typing-extensions"
optional = false
python-versions = "*"
version = "3.7.4.2"

[[package]]
category = "main"
description = "HTTP library with thread-safe connection pooling, file post, and more."
name = "urllib3"
optional = false
python-versions = ">=2.7, !=3.0.*, !=3.1.*, !=3.2.*, !=3.3.*, !=3.4.*, <4"
version = "1.25.9"

[package.extras]
brotli = ["brotlipy (>=0.6.0)"]
secure = ["certifi", "cryptography (>=1.3.4)", "idna (>=2.0.0)", "pyOpenSSL (>=0.14)", "ipaddress"]
socks = ["PySocks (>=1.5.6,<1.5.7 || >1.5.7,<2.0)"]

[[package]]
category = "dev"
description = "Measures number of Terminal column cells of wide-character codes"
name = "wcwidth"
optional = false
python-versions = "*"
version = "0.1.9"

[[package]]
category = "dev"
description = "Backport of pathlib-compatible object wrapper for zip files"
marker = "python_version < \"3.8\""
name = "zipp"
optional = false
python-versions = ">=3.6"
version = "3.1.0"

[package.extras]
docs = ["sphinx", "jaraco.packaging (>=3.2)", "rst.linker (>=1.9)"]
testing = ["jaraco.itertools", "func-timeout"]

[metadata]
content-hash = "5de45d357eabee9c007ef751d3a07b01f55b59d23410cb4acfe6c985dc9d2a56"
python-versions = "^3.7"

[metadata.files]
atomicwrites = [
    {file = "atomicwrites-1.4.0-py2.py3-none-any.whl", hash = "sha256:6d1784dea7c0c8d4a5172b6c620f40b6e4cbfdf96d783691f2e1302a7b88e197"},
    {file = "atomicwrites-1.4.0.tar.gz", hash = "sha256:ae70396ad1a434f9c7046fd2dd196fc04b12f9e91ffb859164193be8b6168a7a"},
]
attrs = [
    {file = "attrs-19.3.0-py2.py3-none-any.whl", hash = "sha256:08a96c641c3a74e44eb59afb61a24f2cb9f4d7188748e76ba4bb5edfa3cb7d1c"},
    {file = "attrs-19.3.0.tar.gz", hash = "sha256:f7b7ce16570fe9965acd6d30101a28f62fb4a7f9e926b3bbc9b61f8b04247e72"},
]
"bencode.py" = [
    {file = "bencode.py-2.1.0-py2.py3-none-any.whl", hash = "sha256:f08cb93d4bdf7ad4da675082e530d53ba02fb26ffa8b19c54c095e442a0a6bed"},
    {file = "bencode.py-2.1.0.tar.gz", hash = "sha256:7d65b02f174097a442a2b138208aee7fe104d2ce79e7a29fb457d0e02f38fc3d"},
]
certifi = [
    {file = "certifi-2020.4.5.1-py2.py3-none-any.whl", hash = "sha256:1d987a998c75633c40847cc966fcf5904906c920a7f17ef374f5aa4282abd304"},
    {file = "certifi-2020.4.5.1.tar.gz", hash = "sha256:51fcb31174be6e6664c5f69e3e1691a2d72a1a12e90f872cbdb1567eb47b6519"},
]
chardet = [
    {file = "chardet-3.0.4-py2.py3-none-any.whl", hash = "sha256:fc323ffcaeaed0e0a02bf4d117757b98aed530d9ed4531e3e15460124c106691"},
    {file = "chardet-3.0.4.tar.gz", hash = "sha256:84ab92ed1c4d4f16916e05906b6b75a6c0fb5db821cc65e70cbd64a3e2a5eaae"},
]
colorama = [
    {file = "colorama-0.4.3-py2.py3-none-any.whl", hash = "sha256:7d73d2a99753107a36ac6b455ee49046802e59d9d076ef8e47b61499fa29afff"},
    {file = "colorama-0.4.3.tar.gz", hash = "sha256:e96da0d330793e2cb9485e9ddfd918d456036c7149416295932478192f4436a1"},
]
docopt = [
    {file = "docopt-0.6.2.tar.gz", hash = "sha256:49b3a825280bd66b3aa83585ef59c4a8c82f2c8a522dbe754a8bc8d08c85c491"},
]
idna = [
    {file = "idna-2.9-py2.py3-none-any.whl", hash = "sha256:a068a21ceac8a4d63dbfd964670474107f541babbd2250d61922f029858365fa"},
    {file = "idna-2.9.tar.gz", hash = "sha256:7588d1c14ae4c77d74036e8c22ff447b26d0fde8f007354fd48a7814db15b7cb"},
]
importlib-metadata = [
    {file = "importlib_metadata-1.6.0-py2.py3-none-any.whl", hash = "sha256:2a688cbaa90e0cc587f1df48bdc97a6eadccdcd9c35fb3f976a09e3b5016d90f"},
    {file = "importlib_metadata-1.6.0.tar.gz", hash = "sha256:34513a8a0c4962bc66d35b359558fd8a5e10cd472d37aec5f66858addef32c1e"},
]
more-itertools = [
    {file = "more-itertools-8.3.0.tar.gz", hash = "sha256:558bb897a2232f5e4f8e2399089e35aecb746e1f9191b6584a151647e89267be"},
    {file = "more_itertools-8.3.0-py3-none-any.whl", hash = "sha256:7818f596b1e87be009031c7653d01acc46ed422e6656b394b0f765ce66ed4982"},
]
packaging = [
    {file = "packaging-20.4-py2.py3-none-any.whl", hash = "sha256:998416ba6962ae7fbd6596850b80e17859a5753ba17c32284f67bfff33784181"},
    {file = "packaging-20.4.tar.gz", hash = "sha256:4357f74f47b9c12db93624a82154e9b120fa8293699949152b22065d556079f8"},
]
pluggy = [
    {file = "pluggy-0.13.1-py2.py3-none-any.whl", hash = "sha256:966c145cd83c96502c3c3868f50408687b38434af77734af1e9ca461a4081d2d"},
    {file = "pluggy-0.13.1.tar.gz", hash = "sha256:15b2acde666561e1298d71b523007ed7364de07029219b604cf808bfa1c765b0"},
]
py = [
    {file = "py-1.8.1-py2.py3-none-any.whl", hash = "sha256:c20fdd83a5dbc0af9efd622bee9a5564e278f6380fffcacc43ba6f43db2813b0"},
    {file = "py-1.8.1.tar.gz", hash = "sha256:5e27081401262157467ad6e7f851b7aa402c5852dbcb3dae06768434de5752aa"},
]
pydantic = [
    {file = "pydantic-1.5.1-cp36-cp36m-macosx_10_9_x86_64.whl", hash = "sha256:2a6904e9f18dea58f76f16b95cba6a2f20b72d787abd84ecd67ebc526e61dce6"},
    {file = "pydantic-1.5.1-cp36-cp36m-manylinux1_i686.whl", hash = "sha256:da8099fca5ee339d5572cfa8af12cf0856ae993406f0b1eb9bb38c8a660e7416"},
    {file = "pydantic-1.5.1-cp36-cp36m-manylinux2014_i686.whl", hash = "sha256:68dece67bff2b3a5cc188258e46b49f676a722304f1c6148ae08e9291e284d98"},
    {file = "pydantic-1.5.1-cp36-cp36m-manylinux2014_x86_64.whl", hash = "sha256:ab863853cb502480b118187d670f753be65ec144e1654924bec33d63bc8b3ce2"},
    {file = "pydantic-1.5.1-cp36-cp36m-win_amd64.whl", hash = "sha256:2007eb062ed0e57875ce8ead12760a6e44bf5836e6a1a7ea81d71eeecf3ede0f"},
    {file = "pydantic-1.5.1-cp37-cp37m-macosx_10_9_x86_64.whl", hash = "sha256:20a15a303ce1e4d831b4e79c17a4a29cb6740b12524f5bba3ea363bff65732bc"},
    {file = "pydantic-1.5.1-cp37-cp37m-manylinux1_i686.whl", hash = "sha256:473101121b1bd454c8effc9fe66d54812fdc128184d9015c5aaa0d4e58a6d338"},
    {file = "pydantic-1.5.1-cp37-cp37m-manylinux2014_i686.whl", hash = "sha256:9be755919258d5d168aeffbe913ed6e8bd562e018df7724b68cabdee3371e331"},
    {file = "pydantic-1.5.1-cp37-cp37m-manylinux2014_x86_64.whl", hash = "sha256:b96ce81c4b5ca62ab81181212edfd057beaa41411cd9700fbcb48a6ba6564b4e"},
    {file = "pydantic-1.5.1-cp37-cp37m-win_amd64.whl", hash = "sha256:93b9f265329d9827f39f0fca68f5d72cc8321881cdc519a1304fa73b9f8a75bd"},
    {file = "pydantic-1.5.1-cp38-cp38-macosx_10_9_x86_64.whl", hash = "sha256:e2c753d355126ddd1eefeb167fa61c7037ecd30b98e7ebecdc0d1da463b4ea09"},
    {file = "pydantic-1.5.1-cp38-cp38-manylinux1_i686.whl", hash = "sha256:8433dbb87246c0f562af75d00fa80155b74e4f6924b0db6a2078a3cd2f11c6c4"},
    {file = "pydantic-1.5.1-cp38-cp38-manylinux2014_i686.whl", hash = "sha256:0a1cdf24e567d42dc762d3fed399bd211a13db2e8462af9dfa93b34c41648efb"},
    {file = "pydantic-1.5.1-cp38-cp38-manylinux2014_x86_64.whl", hash = "sha256:8be325fc9da897029ee48d1b5e40df817d97fe969f3ac3fd2434ba7e198c55d5"},
    {file = "pydantic-1.5.1-cp38-cp38-win_amd64.whl", hash = "sha256:3714a4056f5bdbecf3a41e0706ec9b228c9513eee2ad884dc2c568c4dfa540e9"},
    {file = "pydantic-1.5.1-py36.py37.py38-none-any.whl", hash = "sha256:70f27d2f0268f490fe3de0a9b6fca7b7492b8fd6623f9fecd25b221ebee385e3"},
    {file = "pydantic-1.5.1.tar.gz", hash = "sha256:f0018613c7a0d19df3240c2a913849786f21b6539b9f23d85ce4067489dfacfa"},
]
pyparsing = [
    {file = "pyparsing-2.4.7-py2.py3-none-any.whl", hash = "sha256:ef9d7589ef3c200abe66653d3f1ab1033c3c419ae9b9bdb1240a85b024efc88b"},
    {file = "pyparsing-2.4.7.tar.gz", hash = "sha256:c203ec8783bf771a155b207279b9bccb8dea02d8f0c9e5f8ead507bc3246ecc1"},
]
pytest = [
    {file = "pytest-5.4.2-py3-none-any.whl", hash = "sha256:95c710d0a72d91c13fae35dce195633c929c3792f54125919847fdcdf7caa0d3"},
    {file = "pytest-5.4.2.tar.gz", hash = "sha256:eb2b5e935f6a019317e455b6da83dd8650ac9ffd2ee73a7b657a30873d67a698"},
]
requests = [
    {file = "requests-2.23.0-py2.py3-none-any.whl", hash = "sha256:43999036bfa82904b6af1d99e4882b560e5e2c68e5c4b0aa03b655f3d7d73fee"},
    {file = "requests-2.23.0.tar.gz", hash = "sha256:b3f43d496c6daba4493e7c431722aeb7dbc6288f52a6e04e7b6023b0247817e6"},
]
six = [
    {file = "six-1.14.0-py2.py3-none-any.whl", hash = "sha256:8f3cd2e254d8f793e7f3d6d9df77b92252b52637291d0f0da013c76ea2724b6c"},
    {file = "six-1.14.0.tar.gz", hash = "sha256:236bdbdce46e6e6a3d61a337c0f8b763ca1e8717c03b369e87a7ec7ce1319c0a"},
]
texttable = [
    {file = "texttable-1.6.2-py2.py3-none-any.whl", hash = "sha256:7dc282a5b22564fe0fdc1c771382d5dd9a54742047c61558e071c8cd595add86"},
    {file = "texttable-1.6.2.tar.gz", hash = "sha256:eff3703781fbc7750125f50e10f001195174f13825a92a45e9403037d539b4f4"},
]
torrentool = [
    {file = "torrentool-1.0.2-py2.py3-none-any.whl", hash = "sha256:95c04dabc020d1fad960c0e2006305184bd21632330bee23d05a69bb926d8c93"},
    {file = "torrentool-1.0.2.tar.gz", hash = "sha256:87cc9c946b20e75670cb4b8b0951b242937e6b5ab2b8d5b6125f9dfdab01346b"},
]
transmission-clutch = [
    {file = "transmission-clutch-3.1.3.tar.gz", hash = "sha256:953f8cc8d43a3f46b7ca247731ee85663d581e6f8e1702a92d7a982871228952"},
    {file = "transmission_clutch-3.1.3-py3-none-any.whl", hash = "sha256:726a17d52a9f8a7b8a5b6952c4da9385270fe7c5596ba7f3e556e4758bfc8a20"},
]
typing-extensions = [
    {file = "typing_extensions-3.7.4.2-py2-none-any.whl", hash = "sha256:f8d2bd89d25bc39dabe7d23df520442fa1d8969b82544370e03d88b5a591c392"},
    {file = "typing_extensions-3.7.4.2-py3-none-any.whl", hash = "sha256:6e95524d8a547a91e08f404ae485bbb71962de46967e1b71a0cb89af24e761c5"},
    {file = "typing_extensions-3.7.4.2.tar.gz", hash = "sha256:79ee589a3caca649a9bfd2a8de4709837400dfa00b6cc81962a1e6a1815969ae"},
]
urllib3 = [
    {file = "urllib3-1.25.9-py2.py3-none-any.whl", hash = "sha256:88206b0eb87e6d677d424843ac5209e3fb9d0190d0ee169599165ec25e9d9115"},
    {file = "urllib3-1.25.9.tar.gz", hash = "sha256:3018294ebefce6572a474f0604c2021e33b3fd8006ecd11d62107a5d2a963527"},
]
wcwidth = [
    {file = "wcwidth-0.1.9-py2.py3-none-any.whl", hash = "sha256:cafe2186b3c009a04067022ce1dcd79cb38d8d65ee4f4791b8888d6599d1bbe1"},
    {file = "wcwidth-0.1.9.tar.gz", hash = "sha256:ee73862862a156bf77ff92b09034fc4825dd3af9cf81bc5b360668d425f3c5f1"},
]
zipp = [
    {file = "zipp-3.1.0-py3-none-any.whl", hash = "sha256:aa36550ff0c0b7ef7fa639055d797116ee891440eac1a56f378e2d3179e0320b"},
    {file = "zipp-3.1.0.tar.gz", hash = "sha256:c599e4d75c98f6798c509911d08a22e6c021d074469042177c8c86fb92eefd96"},
]
